
Microsoft Visual Studio Solution File, Format Version 12.00
# Visual Studio 15
VisualStudioVersion = 15.0.27703.2026
MinimumVisualStudioVersion = 10.0.40219.1
Project("{8BC9CEB8-8B4A-11D0-8D11-00A0C91BC942}") = "SpacePirates", "SpacePirates.vcxproj", "{C68DA461-B66F-4BFA-A757-B5B710B7E08A}"
EndProject
Global
	GlobalSection(SolutionConfigurationPlatforms) = preSolution
		Debug|x86 = Debug|x86
		Release|x86 = Release|x86
	EndGlobalSection
	GlobalSection(ProjectConfigurationPlatforms) = postSolution
		{C68DA461-B66F-4BFA-A757-B5B710B7E08A}.Debug|x86.ActiveCfg = Debug|Win32
		{C68DA461-B66F-4BFA-A757-B5B710B7E08A}.Debug|x86.Build.0 = Debug|Win32
		{C68DA461-B66F-4BFA-A757-B5B710B7E08A}.Release|x86.ActiveCfg = Release|Win32
		{C68DA461-B66F-4BFA-A757-B5B710B7E08A}.Release|x86.Build.0 = Release|Win32
	EndGlobalSection
	GlobalSection(SolutionProperties) = preSolution
		HideSolutionNode = FALSE
	EndGlobalSection
	GlobalSection(ExtensibilityGlobals) = postSolution
		SolutionGuid = {78E2ED36-9DE0-41D7-ADED-663A3CCE7623}
	EndGlobalSection
EndGlobal
